
Microsoft Visual Studio Solution File, Format Version 12.00
Project("{2150E333-8FDC-42A3-9474-1A3956D46DE8}") = "Solution Items", "Solution Items", "{009C2901-D0A3-40C6-B04C-D7FDF0CDF841}"
	ProjectSection(SolutionItems) = preProject
		compose.yaml = compose.yaml
		moments.txt = moments.txt
	EndProjectSection
EndProject
Project("{FAE04EC0-301F-11D3-BF4B-00C04F79EFBC}") = "MaterialClassification.WithLbfgs.WebApi", "MaterialClassification.WithLbfgs.WebApi\MaterialClassification.WithLbfgs.WebApi.csproj", "{80C43562-A34D-4EFB-893C-9862ED967A26}"
EndProject
Project("{FAE04EC0-301F-11D3-BF4B-00C04F79EFBC}") = "MaterialClassification.WithLbfgs.ConsoleClient", "MaterialClassification.WithLbfgs.ConsoleClient\MaterialClassification.WithLbfgs.ConsoleClient.csproj", "{BE7BF63B-B8EA-4A47-895A-2527BB45BDC1}"
EndProject
Project("{FAE04EC0-301F-11D3-BF4B-00C04F79EFBC}") = "MaterialClassification.WithLbfgs.DataModels", "MaterialClassification.WithLbfgs.DataModels\MaterialClassification.WithLbfgs.DataModels.csproj", "{DD954420-41A8-4EDE-A534-48B2A66CC8D5}"
EndProject
Project("{FAE04EC0-301F-11D3-BF4B-00C04F79EFBC}") = "MaterialClassification.WithLbfgs.Training", "MaterialClassification.WithLbfgs.Training\MaterialClassification.WithLbfgs.Training.csproj", "{1ADADC23-96AC-472E-AB66-8A269070E06E}"
EndProject
Project("{FAE04EC0-301F-11D3-BF4B-00C04F79EFBC}") = "MaterialClassification.WithLbfgs.SingleImageTest", "MaterialClassification.WithLbfgs.SingleImageTest\MaterialClassification.WithLbfgs.SingleImageTest.csproj", "{6E51EFA3-FF86-4AD4-8236-04A1B352D42B}"
EndProject
Project("{FAE04EC0-301F-11D3-BF4B-00C04F79EFBC}") = "MaterialClassification.WithLbfgs.ClassificationWorker", "MaterialClassification.WithLbfgs.ClassificationWorker\MaterialClassification.WithLbfgs.ClassificationWorker.csproj", "{9F978F14-C59C-490D-847B-DB88CDAB68A0}"
EndProject
Project("{FAE04EC0-301F-11D3-BF4B-00C04F79EFBC}") = "MaterialClassification.MainWebApi", "MaterialClassification.MainWebApi\MaterialClassification.MainWebApi.csproj", "{3483820C-AF71-463E-BC20-A8D97BDD0AD0}"
EndProject
Project("{FAE04EC0-301F-11D3-BF4B-00C04F79EFBC}") = "MaterialClassification.Shared", "MaterialClassification.Shared\MaterialClassification.Shared.csproj", "{D46432C1-58D0-4DBD-A4A6-C8C8B5CC9D3E}"
EndProject
Project("{FAE04EC0-301F-11D3-BF4B-00C04F79EFBC}") = "MaterialClassification.WithLbfgs.ArtificalClasses", "MaterialClassification.WithLbfgs.ArtificalClasses\MaterialClassification.WithLbfgs.ArtificalClasses.csproj", "{7C5C0875-E3EA-44F5-90AF-416004D6CBDE}"
EndProject
Project("{FAE04EC0-301F-11D3-BF4B-00C04F79EFBC}") = "MaterialClassification.WithImageClassification.Training.Library", "MaterialClassification.WithImageClassification.Training.Library\MaterialClassification.WithImageClassification.Training.Library.csproj", "{76542621-D688-46A4-85EC-DCFF21A3AC36}"
EndProject
Project("{FAE04EC0-301F-11D3-BF4B-00C04F79EFBC}") = "MaterialClassification.WithImageClassification.Training.Single", "MaterialClassification.WithImageClassification.Training.Single\MaterialClassification.WithImageClassification.Training.Single.csproj", "{176F767A-E239-446F-95A5-5710130ADDF4}"
EndProject
Project("{FAE04EC0-301F-11D3-BF4B-00C04F79EFBC}") = "MaterialClassification.WithImageClassification.Training.Multiple", "MaterialClassification.WithImageClassification.Training.Multiple\MaterialClassification.WithImageClassification.Training.Multiple.csproj", "{17C00F23-886F-4630-9728-526710A995F9}"
EndProject
Project("{FAE04EC0-301F-11D3-BF4B-00C04F79EFBC}") = "MaterialClassification.WithImageClassification.SingleImageTest", "MaterialClassification.WithImageClassification.SingleImageTest\MaterialClassification.WithImageClassification.SingleImageTest.csproj", "{943A736B-6FF6-4EBE-8A2E-1E328B8A1E9E}"
EndProject
Project("{FAE04EC0-301F-11D3-BF4B-00C04F79EFBC}") = "MaterialClassification.WithImageClassification.ProductionDataModels", "MaterialClassification.WithImageClassification.ProductionDataModels\MaterialClassification.WithImageClassification.ProductionDataModels.csproj", "{619672B8-F535-4C78-8DF5-D6FE9E80599E}"
EndProject
Project("{FAE04EC0-301F-11D3-BF4B-00C04F79EFBC}") = "MaterialClassification.WithImageClassification.ColumnNames", "MaterialClassification.WithImageClassification.ColumnNames\MaterialClassification.WithImageClassification.ColumnNames.csproj", "{765D9EDE-A7DD-422D-895E-75FDC27B71B6}"
EndProject
Project("{FAE04EC0-301F-11D3-BF4B-00C04F79EFBC}") = "MaterialClassification.WithImageClassification.ArtificalClasses", "MaterialClassification.WithImageClassification.ArtificalClasses\MaterialClassification.WithImageClassification.ArtificalClasses.csproj", "{08E0584F-6309-45F3-A654-1BF30E6420F9}"
EndProject
Project("{FAE04EC0-301F-11D3-BF4B-00C04F79EFBC}") = "MaterialClassification.FakeWorker", "MaterialClassification.FakeWorker\MaterialClassification.FakeWorker.csproj", "{263BBB53-944E-40AE-BAC6-428059DB296A}"
EndProject
Project("{FAE04EC0-301F-11D3-BF4B-00C04F79EFBC}") = "MaterialClassification.Worker.Library", "MaterialClassification.Worker.Library\MaterialClassification.Worker.Library.csproj", "{86E89B59-50FC-4F40-95F6-E3E028C8216C}"
EndProject
Project("{FAE04EC0-301F-11D3-BF4B-00C04F79EFBC}") = "MaterialClassification.WithImageClassification.Worker.Gpu", "MaterialClassification.WithImageClassification.Worker.Gpu\MaterialClassification.WithImageClassification.Worker.Gpu.csproj", "{9527179E-2F9D-4620-B508-136EE2994819}"
EndProject
Project("{FAE04EC0-301F-11D3-BF4B-00C04F79EFBC}") = "MaterialClassification.WithImageClassification.Worker.Cpu", "MaterialClassification.WithImageClassification.Worker.Cpu\MaterialClassification.WithImageClassification.Worker.Cpu.csproj", "{2F0AEF81-5FE8-49F6-876E-5AE77FD94FC5}"
EndProject
Project("{FAE04EC0-301F-11D3-BF4B-00C04F79EFBC}") = "MaterialClassification.WithImageClassification.Worker.Library", "MaterialClassification.WithImageClassification.Worker.Library\MaterialClassification.WithImageClassification.Worker.Library.csproj", "{A8C180C0-B7E1-481E-B426-B7FD85282A85}"
EndProject
Global
	GlobalSection(SolutionConfigurationPlatforms) = preSolution
		Debug|Any CPU = Debug|Any CPU
		Release|Any CPU = Release|Any CPU
	EndGlobalSection
	GlobalSection(ProjectConfigurationPlatforms) = postSolution
		{80C43562-A34D-4EFB-893C-9862ED967A26}.Debug|Any CPU.ActiveCfg = Debug|Any CPU
		{80C43562-A34D-4EFB-893C-9862ED967A26}.Debug|Any CPU.Build.0 = Debug|Any CPU
		{80C43562-A34D-4EFB-893C-9862ED967A26}.Release|Any CPU.ActiveCfg = Release|Any CPU
		{80C43562-A34D-4EFB-893C-9862ED967A26}.Release|Any CPU.Build.0 = Release|Any CPU
		{BE7BF63B-B8EA-4A47-895A-2527BB45BDC1}.Debug|Any CPU.ActiveCfg = Debug|Any CPU
		{BE7BF63B-B8EA-4A47-895A-2527BB45BDC1}.Debug|Any CPU.Build.0 = Debug|Any CPU
		{BE7BF63B-B8EA-4A47-895A-2527BB45BDC1}.Release|Any CPU.ActiveCfg = Release|Any CPU
		{BE7BF63B-B8EA-4A47-895A-2527BB45BDC1}.Release|Any CPU.Build.0 = Release|Any CPU
		{DD954420-41A8-4EDE-A534-48B2A66CC8D5}.Debug|Any CPU.ActiveCfg = Debug|Any CPU
		{DD954420-41A8-4EDE-A534-48B2A66CC8D5}.Debug|Any CPU.Build.0 = Debug|Any CPU
		{DD954420-41A8-4EDE-A534-48B2A66CC8D5}.Release|Any CPU.ActiveCfg = Release|Any CPU
		{DD954420-41A8-4EDE-A534-48B2A66CC8D5}.Release|Any CPU.Build.0 = Release|Any CPU
		{1ADADC23-96AC-472E-AB66-8A269070E06E}.Debug|Any CPU.ActiveCfg = Debug|Any CPU
		{1ADADC23-96AC-472E-AB66-8A269070E06E}.Debug|Any CPU.Build.0 = Debug|Any CPU
		{1ADADC23-96AC-472E-AB66-8A269070E06E}.Release|Any CPU.ActiveCfg = Release|Any CPU
		{1ADADC23-96AC-472E-AB66-8A269070E06E}.Release|Any CPU.Build.0 = Release|Any CPU
		{6E51EFA3-FF86-4AD4-8236-04A1B352D42B}.Debug|Any CPU.ActiveCfg = Debug|Any CPU
		{6E51EFA3-FF86-4AD4-8236-04A1B352D42B}.Debug|Any CPU.Build.0 = Debug|Any CPU
		{6E51EFA3-FF86-4AD4-8236-04A1B352D42B}.Release|Any CPU.ActiveCfg = Release|Any CPU
		{6E51EFA3-FF86-4AD4-8236-04A1B352D42B}.Release|Any CPU.Build.0 = Release|Any CPU
		{9F978F14-C59C-490D-847B-DB88CDAB68A0}.Debug|Any CPU.ActiveCfg = Debug|Any CPU
		{9F978F14-C59C-490D-847B-DB88CDAB68A0}.Debug|Any CPU.Build.0 = Debug|Any CPU
		{9F978F14-C59C-490D-847B-DB88CDAB68A0}.Release|Any CPU.ActiveCfg = Release|Any CPU
		{9F978F14-C59C-490D-847B-DB88CDAB68A0}.Release|Any CPU.Build.0 = Release|Any CPU
		{3483820C-AF71-463E-BC20-A8D97BDD0AD0}.Debug|Any CPU.ActiveCfg = Debug|Any CPU
		{3483820C-AF71-463E-BC20-A8D97BDD0AD0}.Debug|Any CPU.Build.0 = Debug|Any CPU
		{3483820C-AF71-463E-BC20-A8D97BDD0AD0}.Release|Any CPU.ActiveCfg = Release|Any CPU
		{3483820C-AF71-463E-BC20-A8D97BDD0AD0}.Release|Any CPU.Build.0 = Release|Any CPU
		{D46432C1-58D0-4DBD-A4A6-C8C8B5CC9D3E}.Debug|Any CPU.ActiveCfg = Debug|Any CPU
		{D46432C1-58D0-4DBD-A4A6-C8C8B5CC9D3E}.Debug|Any CPU.Build.0 = Debug|Any CPU
		{D46432C1-58D0-4DBD-A4A6-C8C8B5CC9D3E}.Release|Any CPU.ActiveCfg = Release|Any CPU
		{D46432C1-58D0-4DBD-A4A6-C8C8B5CC9D3E}.Release|Any CPU.Build.0 = Release|Any CPU
		{7C5C0875-E3EA-44F5-90AF-416004D6CBDE}.Debug|Any CPU.ActiveCfg = Debug|Any CPU
		{7C5C0875-E3EA-44F5-90AF-416004D6CBDE}.Debug|Any CPU.Build.0 = Debug|Any CPU
		{7C5C0875-E3EA-44F5-90AF-416004D6CBDE}.Release|Any CPU.ActiveCfg = Release|Any CPU
		{7C5C0875-E3EA-44F5-90AF-416004D6CBDE}.Release|Any CPU.Build.0 = Release|Any CPU
		{76542621-D688-46A4-85EC-DCFF21A3AC36}.Debug|Any CPU.ActiveCfg = Debug|Any CPU
		{76542621-D688-46A4-85EC-DCFF21A3AC36}.Debug|Any CPU.Build.0 = Debug|Any CPU
		{76542621-D688-46A4-85EC-DCFF21A3AC36}.Release|Any CPU.ActiveCfg = Release|Any CPU
		{76542621-D688-46A4-85EC-DCFF21A3AC36}.Release|Any CPU.Build.0 = Release|Any CPU
		{176F767A-E239-446F-95A5-5710130ADDF4}.Debug|Any CPU.ActiveCfg = Debug|Any CPU
		{176F767A-E239-446F-95A5-5710130ADDF4}.Debug|Any CPU.Build.0 = Debug|Any CPU
		{176F767A-E239-446F-95A5-5710130ADDF4}.Release|Any CPU.ActiveCfg = Release|Any CPU
		{176F767A-E239-446F-95A5-5710130ADDF4}.Release|Any CPU.Build.0 = Release|Any CPU
		{17C00F23-886F-4630-9728-526710A995F9}.Debug|Any CPU.ActiveCfg = Debug|Any CPU
		{17C00F23-886F-4630-9728-526710A995F9}.Debug|Any CPU.Build.0 = Debug|Any CPU
		{17C00F23-886F-4630-9728-526710A995F9}.Release|Any CPU.ActiveCfg = Release|Any CPU
		{17C00F23-886F-4630-9728-526710A995F9}.Release|Any CPU.Build.0 = Release|Any CPU
		{943A736B-6FF6-4EBE-8A2E-1E328B8A1E9E}.Debug|Any CPU.ActiveCfg = Debug|Any CPU
		{943A736B-6FF6-4EBE-8A2E-1E328B8A1E9E}.Debug|Any CPU.Build.0 = Debug|Any CPU
		{943A736B-6FF6-4EBE-8A2E-1E328B8A1E9E}.Release|Any CPU.ActiveCfg = Release|Any CPU
		{943A736B-6FF6-4EBE-8A2E-1E328B8A1E9E}.Release|Any CPU.Build.0 = Release|Any CPU
		{619672B8-F535-4C78-8DF5-D6FE9E80599E}.Debug|Any CPU.ActiveCfg = Debug|Any CPU
		{619672B8-F535-4C78-8DF5-D6FE9E80599E}.Debug|Any CPU.Build.0 = Debug|Any CPU
		{619672B8-F535-4C78-8DF5-D6FE9E80599E}.Release|Any CPU.ActiveCfg = Release|Any CPU
		{619672B8-F535-4C78-8DF5-D6FE9E80599E}.Release|Any CPU.Build.0 = Release|Any CPU
		{765D9EDE-A7DD-422D-895E-75FDC27B71B6}.Debug|Any CPU.ActiveCfg = Debug|Any CPU
		{765D9EDE-A7DD-422D-895E-75FDC27B71B6}.Debug|Any CPU.Build.0 = Debug|Any CPU
		{765D9EDE-A7DD-422D-895E-75FDC27B71B6}.Release|Any CPU.ActiveCfg = Release|Any CPU
		{765D9EDE-A7DD-422D-895E-75FDC27B71B6}.Release|Any CPU.Build.0 = Release|Any CPU
		{08E0584F-6309-45F3-A654-1BF30E6420F9}.Debug|Any CPU.ActiveCfg = Debug|Any CPU
		{08E0584F-6309-45F3-A654-1BF30E6420F9}.Debug|Any CPU.Build.0 = Debug|Any CPU
		{08E0584F-6309-45F3-A654-1BF30E6420F9}.Release|Any CPU.ActiveCfg = Release|Any CPU
		{08E0584F-6309-45F3-A654-1BF30E6420F9}.Release|Any CPU.Build.0 = Release|Any CPU
		{263BBB53-944E-40AE-BAC6-428059DB296A}.Debug|Any CPU.ActiveCfg = Debug|Any CPU
		{263BBB53-944E-40AE-BAC6-428059DB296A}.Debug|Any CPU.Build.0 = Debug|Any CPU
		{263BBB53-944E-40AE-BAC6-428059DB296A}.Release|Any CPU.ActiveCfg = Release|Any CPU
		{263BBB53-944E-40AE-BAC6-428059DB296A}.Release|Any CPU.Build.0 = Release|Any CPU
		{86E89B59-50FC-4F40-95F6-E3E028C8216C}.Debug|Any CPU.ActiveCfg = Debug|Any CPU
		{86E89B59-50FC-4F40-95F6-E3E028C8216C}.Debug|Any CPU.Build.0 = Debug|Any CPU
		{86E89B59-50FC-4F40-95F6-E3E028C8216C}.Release|Any CPU.ActiveCfg = Release|Any CPU
		{86E89B59-50FC-4F40-95F6-E3E028C8216C}.Release|Any CPU.Build.0 = Release|Any CPU
		{9527179E-2F9D-4620-B508-136EE2994819}.Debug|Any CPU.ActiveCfg = Debug|Any CPU
		{9527179E-2F9D-4620-B508-136EE2994819}.Debug|Any CPU.Build.0 = Debug|Any CPU
		{9527179E-2F9D-4620-B508-136EE2994819}.Release|Any CPU.ActiveCfg = Release|Any CPU
		{9527179E-2F9D-4620-B508-136EE2994819}.Release|Any CPU.Build.0 = Release|Any CPU
		{2F0AEF81-5FE8-49F6-876E-5AE77FD94FC5}.Debug|Any CPU.ActiveCfg = Debug|Any CPU
		{2F0AEF81-5FE8-49F6-876E-5AE77FD94FC5}.Debug|Any CPU.Build.0 = Debug|Any CPU
		{2F0AEF81-5FE8-49F6-876E-5AE77FD94FC5}.Release|Any CPU.ActiveCfg = Release|Any CPU
		{2F0AEF81-5FE8-49F6-876E-5AE77FD94FC5}.Release|Any CPU.Build.0 = Release|Any CPU
		{A8C180C0-B7E1-481E-B426-B7FD85282A85}.Debug|Any CPU.ActiveCfg = Debug|Any CPU
		{A8C180C0-B7E1-481E-B426-B7FD85282A85}.Debug|Any CPU.Build.0 = Debug|Any CPU
		{A8C180C0-B7E1-481E-B426-B7FD85282A85}.Release|Any CPU.ActiveCfg = Release|Any CPU
		{A8C180C0-B7E1-481E-B426-B7FD85282A85}.Release|Any CPU.Build.0 = Release|Any CPU
	EndGlobalSection
EndGlobal
