
Microsoft Visual Studio Solution File, Format Version 12.00
Project("{2150E333-8FDC-42A3-9474-1A3956D46DE8}") = "Solution Items", "Solution Items", "{009C2901-D0A3-40C6-B04C-D7FDF0CDF841}"
	ProjectSection(SolutionItems) = preProject
		compose.yaml = compose.yaml
	EndProjectSection
EndProject
Project("{FAE04EC0-301F-11D3-BF4B-00C04F79EFBC}") = "MaterialClassification.WebApi", "MaterialClassification.WebApi\MaterialClassification.WebApi.csproj", "{80C43562-A34D-4EFB-893C-9862ED967A26}"
EndProject
Project("{FAE04EC0-301F-11D3-BF4B-00C04F79EFBC}") = "MaterialClassification.ConsoleClient", "MaterialClassification.ConsoleClient\MaterialClassification.ConsoleClient.csproj", "{BE7BF63B-B8EA-4A47-895A-2527BB45BDC1}"
EndProject
Project("{FAE04EC0-301F-11D3-BF4B-00C04F79EFBC}") = "MaterialClassification.DataModels", "MaterialClassification.DataModels\MaterialClassification.DataModels.csproj", "{DD954420-41A8-4EDE-A534-48B2A66CC8D5}"
EndProject
Project("{FAE04EC0-301F-11D3-BF4B-00C04F79EFBC}") = "MaterialClassification.Training", "MaterialClassification.Training\MaterialClassification.Training.csproj", "{1ADADC23-96AC-472E-AB66-8A269070E06E}"
EndProject
Project("{FAE04EC0-301F-11D3-BF4B-00C04F79EFBC}") = "MaterialClassification.SingleImageTest", "MaterialClassification.SingleImageTest\MaterialClassification.SingleImageTest.csproj", "{6E51EFA3-FF86-4AD4-8236-04A1B352D42B}"
EndProject
Project("{FAE04EC0-301F-11D3-BF4B-00C04F79EFBC}") = "MaterialClassification.ClassificationWorker", "MaterialClassification.ClassificationWorker\MaterialClassification.ClassificationWorker.csproj", "{9F978F14-C59C-490D-847B-DB88CDAB68A0}"
EndProject
Project("{FAE04EC0-301F-11D3-BF4B-00C04F79EFBC}") = "MaterialClassification.Main", "MaterialClassification.Main\MaterialClassification.Main.csproj", "{3483820C-AF71-463E-BC20-A8D97BDD0AD0}"
EndProject
Project("{FAE04EC0-301F-11D3-BF4B-00C04F79EFBC}") = "Shared", "Shared\Shared.csproj", "{D46432C1-58D0-4DBD-A4A6-C8C8B5CC9D3E}"
EndProject
Project("{FAE04EC0-301F-11D3-BF4B-00C04F79EFBC}") = "SandboxLib", "SandboxLib\SandboxLib.csproj", "{E9FEDCAA-0137-44B3-8E7C-19CBA61EA70A}"
EndProject
Project("{FAE04EC0-301F-11D3-BF4B-00C04F79EFBC}") = "TrainigLib", "TrainigLib\TrainigLib.csproj", "{C96070B4-18F1-4F88-87B8-510497A0FC75}"
EndProject
Project("{FAE04EC0-301F-11D3-BF4B-00C04F79EFBC}") = "DataViewImageProblem", "DataViewImageProblem\DataViewImageProblem.csproj", "{083A38AD-FCB7-4B73-9EC7-359F46AFE5B1}"
EndProject
Global
	GlobalSection(SolutionConfigurationPlatforms) = preSolution
		Debug|Any CPU = Debug|Any CPU
		Release|Any CPU = Release|Any CPU
	EndGlobalSection
	GlobalSection(ProjectConfigurationPlatforms) = postSolution
		{80C43562-A34D-4EFB-893C-9862ED967A26}.Debug|Any CPU.ActiveCfg = Debug|Any CPU
		{80C43562-A34D-4EFB-893C-9862ED967A26}.Debug|Any CPU.Build.0 = Debug|Any CPU
		{80C43562-A34D-4EFB-893C-9862ED967A26}.Release|Any CPU.ActiveCfg = Release|Any CPU
		{80C43562-A34D-4EFB-893C-9862ED967A26}.Release|Any CPU.Build.0 = Release|Any CPU
		{BE7BF63B-B8EA-4A47-895A-2527BB45BDC1}.Debug|Any CPU.ActiveCfg = Debug|Any CPU
		{BE7BF63B-B8EA-4A47-895A-2527BB45BDC1}.Debug|Any CPU.Build.0 = Debug|Any CPU
		{BE7BF63B-B8EA-4A47-895A-2527BB45BDC1}.Release|Any CPU.ActiveCfg = Release|Any CPU
		{BE7BF63B-B8EA-4A47-895A-2527BB45BDC1}.Release|Any CPU.Build.0 = Release|Any CPU
		{DD954420-41A8-4EDE-A534-48B2A66CC8D5}.Debug|Any CPU.ActiveCfg = Debug|Any CPU
		{DD954420-41A8-4EDE-A534-48B2A66CC8D5}.Debug|Any CPU.Build.0 = Debug|Any CPU
		{DD954420-41A8-4EDE-A534-48B2A66CC8D5}.Release|Any CPU.ActiveCfg = Release|Any CPU
		{DD954420-41A8-4EDE-A534-48B2A66CC8D5}.Release|Any CPU.Build.0 = Release|Any CPU
		{1ADADC23-96AC-472E-AB66-8A269070E06E}.Debug|Any CPU.ActiveCfg = Debug|Any CPU
		{1ADADC23-96AC-472E-AB66-8A269070E06E}.Debug|Any CPU.Build.0 = Debug|Any CPU
		{1ADADC23-96AC-472E-AB66-8A269070E06E}.Release|Any CPU.ActiveCfg = Release|Any CPU
		{1ADADC23-96AC-472E-AB66-8A269070E06E}.Release|Any CPU.Build.0 = Release|Any CPU
		{6E51EFA3-FF86-4AD4-8236-04A1B352D42B}.Debug|Any CPU.ActiveCfg = Debug|Any CPU
		{6E51EFA3-FF86-4AD4-8236-04A1B352D42B}.Debug|Any CPU.Build.0 = Debug|Any CPU
		{6E51EFA3-FF86-4AD4-8236-04A1B352D42B}.Release|Any CPU.ActiveCfg = Release|Any CPU
		{6E51EFA3-FF86-4AD4-8236-04A1B352D42B}.Release|Any CPU.Build.0 = Release|Any CPU
		{9F978F14-C59C-490D-847B-DB88CDAB68A0}.Debug|Any CPU.ActiveCfg = Debug|Any CPU
		{9F978F14-C59C-490D-847B-DB88CDAB68A0}.Debug|Any CPU.Build.0 = Debug|Any CPU
		{9F978F14-C59C-490D-847B-DB88CDAB68A0}.Release|Any CPU.ActiveCfg = Release|Any CPU
		{9F978F14-C59C-490D-847B-DB88CDAB68A0}.Release|Any CPU.Build.0 = Release|Any CPU
		{3483820C-AF71-463E-BC20-A8D97BDD0AD0}.Debug|Any CPU.ActiveCfg = Debug|Any CPU
		{3483820C-AF71-463E-BC20-A8D97BDD0AD0}.Debug|Any CPU.Build.0 = Debug|Any CPU
		{3483820C-AF71-463E-BC20-A8D97BDD0AD0}.Release|Any CPU.ActiveCfg = Release|Any CPU
		{3483820C-AF71-463E-BC20-A8D97BDD0AD0}.Release|Any CPU.Build.0 = Release|Any CPU
		{D46432C1-58D0-4DBD-A4A6-C8C8B5CC9D3E}.Debug|Any CPU.ActiveCfg = Debug|Any CPU
		{D46432C1-58D0-4DBD-A4A6-C8C8B5CC9D3E}.Debug|Any CPU.Build.0 = Debug|Any CPU
		{D46432C1-58D0-4DBD-A4A6-C8C8B5CC9D3E}.Release|Any CPU.ActiveCfg = Release|Any CPU
		{D46432C1-58D0-4DBD-A4A6-C8C8B5CC9D3E}.Release|Any CPU.Build.0 = Release|Any CPU
		{E9FEDCAA-0137-44B3-8E7C-19CBA61EA70A}.Debug|Any CPU.ActiveCfg = Debug|Any CPU
		{E9FEDCAA-0137-44B3-8E7C-19CBA61EA70A}.Debug|Any CPU.Build.0 = Debug|Any CPU
		{E9FEDCAA-0137-44B3-8E7C-19CBA61EA70A}.Release|Any CPU.ActiveCfg = Release|Any CPU
		{E9FEDCAA-0137-44B3-8E7C-19CBA61EA70A}.Release|Any CPU.Build.0 = Release|Any CPU
		{C96070B4-18F1-4F88-87B8-510497A0FC75}.Debug|Any CPU.ActiveCfg = Debug|Any CPU
		{C96070B4-18F1-4F88-87B8-510497A0FC75}.Debug|Any CPU.Build.0 = Debug|Any CPU
		{C96070B4-18F1-4F88-87B8-510497A0FC75}.Release|Any CPU.ActiveCfg = Release|Any CPU
		{C96070B4-18F1-4F88-87B8-510497A0FC75}.Release|Any CPU.Build.0 = Release|Any CPU
		{083A38AD-FCB7-4B73-9EC7-359F46AFE5B1}.Debug|Any CPU.ActiveCfg = Debug|Any CPU
		{083A38AD-FCB7-4B73-9EC7-359F46AFE5B1}.Debug|Any CPU.Build.0 = Debug|Any CPU
		{083A38AD-FCB7-4B73-9EC7-359F46AFE5B1}.Release|Any CPU.ActiveCfg = Release|Any CPU
		{083A38AD-FCB7-4B73-9EC7-359F46AFE5B1}.Release|Any CPU.Build.0 = Release|Any CPU
	EndGlobalSection
EndGlobal
